
Microsoft Visual Studio Solution File, Format Version 12.00
# Visual Studio Version 16
VisualStudioVersion = 16.0.30804.86
MinimumVisualStudioVersion = 10.0.40219.1
Project("{9A19103F-16F7-4668-BE54-9A1E7A4F7556}") = "App.PdfUtils", "App.PdfUtils\App.PdfUtils.csproj", "{211A30DB-1B65-4D4E-887B-96BB428A7CA2}"
EndProject
Project("{FAE04EC0-301F-11D3-BF4B-00C04F79EFBC}") = "App.PdfUtils.Test", "App.PdfUtils.Test\App.PdfUtils.Test.csproj", "{F47D7B2E-3E18-4DCB-B327-484372957304}"
EndProject
Global
	GlobalSection(SolutionConfigurationPlatforms) = preSolution
		Debug|Any CPU = Debug|Any CPU
		Release|Any CPU = Release|Any CPU
	EndGlobalSection
	GlobalSection(ProjectConfigurationPlatforms) = postSolution
		{211A30DB-1B65-4D4E-887B-96BB428A7CA2}.Debug|Any CPU.ActiveCfg = Debug|Any CPU
		{211A30DB-1B65-4D4E-887B-96BB428A7CA2}.Debug|Any CPU.Build.0 = Debug|Any CPU
		{211A30DB-1B65-4D4E-887B-96BB428A7CA2}.Release|Any CPU.ActiveCfg = Release|Any CPU
		{211A30DB-1B65-4D4E-887B-96BB428A7CA2}.Release|Any CPU.Build.0 = Release|Any CPU
		{F47D7B2E-3E18-4DCB-B327-484372957304}.Debug|Any CPU.ActiveCfg = Debug|Any CPU
		{F47D7B2E-3E18-4DCB-B327-484372957304}.Debug|Any CPU.Build.0 = Debug|Any CPU
		{F47D7B2E-3E18-4DCB-B327-484372957304}.Release|Any CPU.ActiveCfg = Release|Any CPU
		{F47D7B2E-3E18-4DCB-B327-484372957304}.Release|Any CPU.Build.0 = Release|Any CPU
	EndGlobalSection
	GlobalSection(SolutionProperties) = preSolution
		HideSolutionNode = FALSE
	EndGlobalSection
	GlobalSection(ExtensibilityGlobals) = postSolution
		SolutionGuid = {7F3708A5-29E8-4BFA-ADE6-A87BE7E80412}
	EndGlobalSection
EndGlobal
